// !$*UTF8*$!
{
	archiveVersion = 1;
	classes = {
	};
	objectVersion = 51;
	objects = {

/* Begin PBXBuildFile section */
		043541F82374C58D00ACC907 /* AppDelegate.swift in Sources */ = {isa = PBXBuildFile; fileRef = 043541F72374C58D00ACC907 /* AppDelegate.swift */; };
		043541FA2374C58D00ACC907 /* ViewController.swift in Sources */ = {isa = PBXBuildFile; fileRef = 043541F92374C58D00ACC907 /* ViewController.swift */; };
		043541FD2374C58D00ACC907 /* Main.storyboard in Resources */ = {isa = PBXBuildFile; fileRef = 043541FB2374C58D00ACC907 /* Main.storyboard */; };
		043541FF2374C58E00ACC907 /* Assets.xcassets in Resources */ = {isa = PBXBuildFile; fileRef = 043541FE2374C58E00ACC907 /* Assets.xcassets */; };
		043542022374C58E00ACC907 /* LaunchScreen.storyboard in Resources */ = {isa = PBXBuildFile; fileRef = 043542002374C58E00ACC907 /* LaunchScreen.storyboard */; };
		0435420D2374C58E00ACC907 /* ClearScoreTechnicalTaskTests.swift in Sources */ = {isa = PBXBuildFile; fileRef = 0435420C2374C58E00ACC907 /* ClearScoreTechnicalTaskTests.swift */; };
		043542182374C58E00ACC907 /* ClearScoreTechnicalTaskUITests.swift in Sources */ = {isa = PBXBuildFile; fileRef = 043542172374C58E00ACC907 /* ClearScoreTechnicalTaskUITests.swift */; };
		043542272374C5F100ACC907 /* ConnectionTest.swift in Sources */ = {isa = PBXBuildFile; fileRef = 043542262374C5F100ACC907 /* ConnectionTest.swift */; };
		043542292374C79800ACC907 /* JSONParsing.swift in Sources */ = {isa = PBXBuildFile; fileRef = 043542282374C79800ACC907 /* JSONParsing.swift */; };
		0435422E2375C0C500ACC907 /* LoadingCircle.swift in Sources */ = {isa = PBXBuildFile; fileRef = 0435422D2375C0C500ACC907 /* LoadingCircle.swift */; };
		AA4CB01114CAFE0EB20DA489 /* Pods_ClearScoreTechnicalTaskUITests.framework in Frameworks */ = {isa = PBXBuildFile; fileRef = 4D42A59FCF0CD5F58D4F1518 /* Pods_ClearScoreTechnicalTaskUITests.framework */; };
		AE0F8CFFFF4280BA742D707E /* Pods_ClearScoreTechnicalTask.framework in Frameworks */ = {isa = PBXBuildFile; fileRef = 0859B8656B27E70834FFB2C2 /* Pods_ClearScoreTechnicalTask.framework */; };
		B7DA3D625D31776EB0CFB501 /* Pods_ClearScoreTechnicalTaskTests.framework in Frameworks */ = {isa = PBXBuildFile; fileRef = 1475F43BBEB854A5B02601B0 /* Pods_ClearScoreTechnicalTaskTests.framework */; };
/* End PBXBuildFile section */

/* Begin PBXContainerItemProxy section */
		043542092374C58E00ACC907 /* PBXContainerItemProxy */ = {
			isa = PBXContainerItemProxy;
			containerPortal = 043541EC2374C58D00ACC907 /* Project object */;
			proxyType = 1;
			remoteGlobalIDString = 043541F32374C58D00ACC907;
			remoteInfo = ClearScoreTechnicalTask;
		};
		043542142374C58E00ACC907 /* PBXContainerItemProxy */ = {
			isa = PBXContainerItemProxy;
			containerPortal = 043541EC2374C58D00ACC907 /* Project object */;
			proxyType = 1;
			remoteGlobalIDString = 043541F32374C58D00ACC907;
			remoteInfo = ClearScoreTechnicalTask;
		};
/* End PBXContainerItemProxy section */

/* Begin PBXFileReference section */
		043541F42374C58D00ACC907 /* ClearScoreTechnicalTask.app */ = {isa = PBXFileReference; explicitFileType = wrapper.application; includeInIndex = 0; path = ClearScoreTechnicalTask.app; sourceTree = BUILT_PRODUCTS_DIR; };
		043541F72374C58D00ACC907 /* AppDelegate.swift */ = {isa = PBXFileReference; lastKnownFileType = sourcecode.swift; path = AppDelegate.swift; sourceTree = "<group>"; };
		043541F92374C58D00ACC907 /* ViewController.swift */ = {isa = PBXFileReference; lastKnownFileType = sourcecode.swift; path = ViewController.swift; sourceTree = "<group>"; };
		043541FC2374C58D00ACC907 /* Base */ = {isa = PBXFileReference; lastKnownFileType = file.storyboard; name = Base; path = Base.lproj/Main.storyboard; sourceTree = "<group>"; };
		043541FE2374C58E00ACC907 /* Assets.xcassets */ = {isa = PBXFileReference; lastKnownFileType = folder.assetcatalog; path = Assets.xcassets; sourceTree = "<group>"; };
		043542012374C58E00ACC907 /* Base */ = {isa = PBXFileReference; lastKnownFileType = file.storyboard; name = Base; path = Base.lproj/LaunchScreen.storyboard; sourceTree = "<group>"; };
		043542032374C58E00ACC907 /* Info.plist */ = {isa = PBXFileReference; lastKnownFileType = text.plist.xml; path = Info.plist; sourceTree = "<group>"; };
		043542082374C58E00ACC907 /* ClearScoreTechnicalTaskTests.xctest */ = {isa = PBXFileReference; explicitFileType = wrapper.cfbundle; includeInIndex = 0; path = ClearScoreTechnicalTaskTests.xctest; sourceTree = BUILT_PRODUCTS_DIR; };
		0435420C2374C58E00ACC907 /* ClearScoreTechnicalTaskTests.swift */ = {isa = PBXFileReference; lastKnownFileType = sourcecode.swift; path = ClearScoreTechnicalTaskTests.swift; sourceTree = "<group>"; };
		0435420E2374C58E00ACC907 /* Info.plist */ = {isa = PBXFileReference; lastKnownFileType = text.plist.xml; path = Info.plist; sourceTree = "<group>"; };
		043542132374C58E00ACC907 /* ClearScoreTechnicalTaskUITests.xctest */ = {isa = PBXFileReference; explicitFileType = wrapper.cfbundle; includeInIndex = 0; path = ClearScoreTechnicalTaskUITests.xctest; sourceTree = BUILT_PRODUCTS_DIR; };
		043542172374C58E00ACC907 /* ClearScoreTechnicalTaskUITests.swift */ = {isa = PBXFileReference; lastKnownFileType = sourcecode.swift; path = ClearScoreTechnicalTaskUITests.swift; sourceTree = "<group>"; };
		043542192374C58E00ACC907 /* Info.plist */ = {isa = PBXFileReference; lastKnownFileType = text.plist.xml; path = Info.plist; sourceTree = "<group>"; };
		043542262374C5F100ACC907 /* ConnectionTest.swift */ = {isa = PBXFileReference; lastKnownFileType = sourcecode.swift; path = ConnectionTest.swift; sourceTree = "<group>"; };
		043542282374C79800ACC907 /* JSONParsing.swift */ = {isa = PBXFileReference; lastKnownFileType = sourcecode.swift; path = JSONParsing.swift; sourceTree = "<group>"; };
		0435422D2375C0C500ACC907 /* LoadingCircle.swift */ = {isa = PBXFileReference; lastKnownFileType = sourcecode.swift; path = LoadingCircle.swift; sourceTree = "<group>"; };
		0859B8656B27E70834FFB2C2 /* Pods_ClearScoreTechnicalTask.framework */ = {isa = PBXFileReference; explicitFileType = wrapper.framework; includeInIndex = 0; path = Pods_ClearScoreTechnicalTask.framework; sourceTree = BUILT_PRODUCTS_DIR; };
		1475F43BBEB854A5B02601B0 /* Pods_ClearScoreTechnicalTaskTests.framework */ = {isa = PBXFileReference; explicitFileType = wrapper.framework; includeInIndex = 0; path = Pods_ClearScoreTechnicalTaskTests.framework; sourceTree = BUILT_PRODUCTS_DIR; };
		2953381463E3A5A68CEC44F4 /* Pods-ClearScoreTechnicalTaskUITests.release.xcconfig */ = {isa = PBXFileReference; includeInIndex = 1; lastKnownFileType = text.xcconfig; name = "Pods-ClearScoreTechnicalTaskUITests.release.xcconfig"; path = "Target Support Files/Pods-ClearScoreTechnicalTaskUITests/Pods-ClearScoreTechnicalTaskUITests.release.xcconfig"; sourceTree = "<group>"; };
		34278B38EA237FDF19B8EE5E /* Pods-ClearScoreTechnicalTaskUITests.debug.xcconfig */ = {isa = PBXFileReference; includeInIndex = 1; lastKnownFileType = text.xcconfig; name = "Pods-ClearScoreTechnicalTaskUITests.debug.xcconfig"; path = "Target Support Files/Pods-ClearScoreTechnicalTaskUITests/Pods-ClearScoreTechnicalTaskUITests.debug.xcconfig"; sourceTree = "<group>"; };
		43059F514424C712BD68C152 /* Pods-ClearScoreTechnicalTask.release.xcconfig */ = {isa = PBXFileReference; includeInIndex = 1; lastKnownFileType = text.xcconfig; name = "Pods-ClearScoreTechnicalTask.release.xcconfig"; path = "Target Support Files/Pods-ClearScoreTechnicalTask/Pods-ClearScoreTechnicalTask.release.xcconfig"; sourceTree = "<group>"; };
		4D42A59FCF0CD5F58D4F1518 /* Pods_ClearScoreTechnicalTaskUITests.framework */ = {isa = PBXFileReference; explicitFileType = wrapper.framework; includeInIndex = 0; path = Pods_ClearScoreTechnicalTaskUITests.framework; sourceTree = BUILT_PRODUCTS_DIR; };
		A90A017FBE184F3743302E32 /* Pods-ClearScoreTechnicalTask.debug.xcconfig */ = {isa = PBXFileReference; includeInIndex = 1; lastKnownFileType = text.xcconfig; name = "Pods-ClearScoreTechnicalTask.debug.xcconfig"; path = "Target Support Files/Pods-ClearScoreTechnicalTask/Pods-ClearScoreTechnicalTask.debug.xcconfig"; sourceTree = "<group>"; };
		BC6057A6AE66728499FE016F /* Pods-ClearScoreTechnicalTaskTests.debug.xcconfig */ = {isa = PBXFileReference; includeInIndex = 1; lastKnownFileType = text.xcconfig; name = "Pods-ClearScoreTechnicalTaskTests.debug.xcconfig"; path = "Target Support Files/Pods-ClearScoreTechnicalTaskTests/Pods-ClearScoreTechnicalTaskTests.debug.xcconfig"; sourceTree = "<group>"; };
		E3F88790D7549F56EE543D67 /* Pods-ClearScoreTechnicalTaskTests.release.xcconfig */ = {isa = PBXFileReference; includeInIndex = 1; lastKnownFileType = text.xcconfig; name = "Pods-ClearScoreTechnicalTaskTests.release.xcconfig"; path = "Target Support Files/Pods-ClearScoreTechnicalTaskTests/Pods-ClearScoreTechnicalTaskTests.release.xcconfig"; sourceTree = "<group>"; };
/* End PBXFileReference section */

/* Begin PBXFrameworksBuildPhase section */
		043541F12374C58D00ACC907 /* Frameworks */ = {
			isa = PBXFrameworksBuildPhase;
			buildActionMask = 2147483647;
			files = (
				AE0F8CFFFF4280BA742D707E /* Pods_ClearScoreTechnicalTask.framework in Frameworks */,
			);
			runOnlyForDeploymentPostprocessing = 0;
		};
		043542052374C58E00ACC907 /* Frameworks */ = {
			isa = PBXFrameworksBuildPhase;
			buildActionMask = 2147483647;
			files = (
				B7DA3D625D31776EB0CFB501 /* Pods_ClearScoreTechnicalTaskTests.framework in Frameworks */,
			);
			runOnlyForDeploymentPostprocessing = 0;
		};
		043542102374C58E00ACC907 /* Frameworks */ = {
			isa = PBXFrameworksBuildPhase;
			buildActionMask = 2147483647;
			files = (
				AA4CB01114CAFE0EB20DA489 /* Pods_ClearScoreTechnicalTaskUITests.framework in Frameworks */,
			);
			runOnlyForDeploymentPostprocessing = 0;
		};
/* End PBXFrameworksBuildPhase section */

/* Begin PBXGroup section */
		043541EB2374C58D00ACC907 = {
			isa = PBXGroup;
			children = (
				043541F62374C58D00ACC907 /* ClearScoreTechnicalTask */,
				0435420B2374C58E00ACC907 /* ClearScoreTechnicalTaskTests */,
				043542162374C58E00ACC907 /* ClearScoreTechnicalTaskUITests */,
				043541F52374C58D00ACC907 /* Products */,
				2D954688F726FB2725496968 /* Pods */,
				06F5ECF54C9B8BF5AAC68BB1 /* Frameworks */,
			);
			sourceTree = "<group>";
		};
		043541F52374C58D00ACC907 /* Products */ = {
			isa = PBXGroup;
			children = (
				043541F42374C58D00ACC907 /* ClearScoreTechnicalTask.app */,
				043542082374C58E00ACC907 /* ClearScoreTechnicalTaskTests.xctest */,
				043542132374C58E00ACC907 /* ClearScoreTechnicalTaskUITests.xctest */,
			);
			name = Products;
			sourceTree = "<group>";
		};
		043541F62374C58D00ACC907 /* ClearScoreTechnicalTask */ = {
			isa = PBXGroup;
			children = (
				0435422A2375BEF300ACC907 /* View */,
				043542252374C5B800ACC907 /* Model */,
				043541F72374C58D00ACC907 /* AppDelegate.swift */,
				043541F92374C58D00ACC907 /* ViewController.swift */,
				043541FB2374C58D00ACC907 /* Main.storyboard */,
				043541FE2374C58E00ACC907 /* Assets.xcassets */,
				043542002374C58E00ACC907 /* LaunchScreen.storyboard */,
				043542032374C58E00ACC907 /* Info.plist */,
			);
			path = ClearScoreTechnicalTask;
			sourceTree = "<group>";
		};
		0435420B2374C58E00ACC907 /* ClearScoreTechnicalTaskTests */ = {
			isa = PBXGroup;
			children = (
				0435420C2374C58E00ACC907 /* ClearScoreTechnicalTaskTests.swift */,
				0435420E2374C58E00ACC907 /* Info.plist */,
			);
			path = ClearScoreTechnicalTaskTests;
			sourceTree = "<group>";
		};
		043542162374C58E00ACC907 /* ClearScoreTechnicalTaskUITests */ = {
			isa = PBXGroup;
			children = (
				043542172374C58E00ACC907 /* ClearScoreTechnicalTaskUITests.swift */,
				043542192374C58E00ACC907 /* Info.plist */,
			);
			path = ClearScoreTechnicalTaskUITests;
			sourceTree = "<group>";
		};
		043542252374C5B800ACC907 /* Model */ = {
			isa = PBXGroup;
			children = (
				043542262374C5F100ACC907 /* ConnectionTest.swift */,
				043542282374C79800ACC907 /* JSONParsing.swift */,
			);
			path = Model;
			sourceTree = "<group>";
		};
		0435422A2375BEF300ACC907 /* View */ = {
			isa = PBXGroup;
			children = (
				0435422D2375C0C500ACC907 /* LoadingCircle.swift */,
			);
			path = View;
			sourceTree = "<group>";
		};
		06F5ECF54C9B8BF5AAC68BB1 /* Frameworks */ = {
			isa = PBXGroup;
			children = (
				0859B8656B27E70834FFB2C2 /* Pods_ClearScoreTechnicalTask.framework */,
				1475F43BBEB854A5B02601B0 /* Pods_ClearScoreTechnicalTaskTests.framework */,
				4D42A59FCF0CD5F58D4F1518 /* Pods_ClearScoreTechnicalTaskUITests.framework */,
			);
			name = Frameworks;
			sourceTree = "<group>";
		};
		2D954688F726FB2725496968 /* Pods */ = {
			isa = PBXGroup;
			children = (
				A90A017FBE184F3743302E32 /* Pods-ClearScoreTechnicalTask.debug.xcconfig */,
				43059F514424C712BD68C152 /* Pods-ClearScoreTechnicalTask.release.xcconfig */,
				BC6057A6AE66728499FE016F /* Pods-ClearScoreTechnicalTaskTests.debug.xcconfig */,
				E3F88790D7549F56EE543D67 /* Pods-ClearScoreTechnicalTaskTests.release.xcconfig */,
				34278B38EA237FDF19B8EE5E /* Pods-ClearScoreTechnicalTaskUITests.debug.xcconfig */,
				2953381463E3A5A68CEC44F4 /* Pods-ClearScoreTechnicalTaskUITests.release.xcconfig */,
			);
			path = Pods;
			sourceTree = "<group>";
		};
/* End PBXGroup section */

/* Begin PBXNativeTarget section */
		043541F32374C58D00ACC907 /* ClearScoreTechnicalTask */ = {
			isa = PBXNativeTarget;
			buildConfigurationList = 0435421C2374C58E00ACC907 /* Build configuration list for PBXNativeTarget "ClearScoreTechnicalTask" */;
			buildPhases = (
				868CE0B5E2203A635674F727 /* [CP] Check Pods Manifest.lock */,
				043541F02374C58D00ACC907 /* Sources */,
				043541F12374C58D00ACC907 /* Frameworks */,
				043541F22374C58D00ACC907 /* Resources */,
				624C00C76E74202D1C2DAC34 /* [CP] Embed Pods Frameworks */,
			);
			buildRules = (
			);
			dependencies = (
			);
			name = ClearScoreTechnicalTask;
			productName = ClearScoreTechnicalTask;
			productReference = 043541F42374C58D00ACC907 /* ClearScoreTechnicalTask.app */;
			productType = "com.apple.product-type.application";
		};
		043542072374C58E00ACC907 /* ClearScoreTechnicalTaskTests */ = {
			isa = PBXNativeTarget;
			buildConfigurationList = 0435421F2374C58E00ACC907 /* Build configuration list for PBXNativeTarget "ClearScoreTechnicalTaskTests" */;
			buildPhases = (
				E2DDFD63F5A8CD9E24787B9D /* [CP] Check Pods Manifest.lock */,
				043542042374C58E00ACC907 /* Sources */,
				043542052374C58E00ACC907 /* Frameworks */,
				043542062374C58E00ACC907 /* Resources */,
			);
			buildRules = (
			);
			dependencies = (
				0435420A2374C58E00ACC907 /* PBXTargetDependency */,
			);
			name = ClearScoreTechnicalTaskTests;
			productName = ClearScoreTechnicalTaskTests;
			productReference = 043542082374C58E00ACC907 /* ClearScoreTechnicalTaskTests.xctest */;
			productType = "com.apple.product-type.bundle.unit-test";
		};
		043542122374C58E00ACC907 /* ClearScoreTechnicalTaskUITests */ = {
			isa = PBXNativeTarget;
			buildConfigurationList = 043542222374C58E00ACC907 /* Build configuration list for PBXNativeTarget "ClearScoreTechnicalTaskUITests" */;
			buildPhases = (
				53FD15D55613DC0668EF0631 /* [CP] Check Pods Manifest.lock */,
				0435420F2374C58E00ACC907 /* Sources */,
				043542102374C58E00ACC907 /* Frameworks */,
				043542112374C58E00ACC907 /* Resources */,
			);
			buildRules = (
			);
			dependencies = (
				043542152374C58E00ACC907 /* PBXTargetDependency */,
			);
			name = ClearScoreTechnicalTaskUITests;
			productName = ClearScoreTechnicalTaskUITests;
			productReference = 043542132374C58E00ACC907 /* ClearScoreTechnicalTaskUITests.xctest */;
			productType = "com.apple.product-type.bundle.ui-testing";
		};
/* End PBXNativeTarget section */

/* Begin PBXProject section */
		043541EC2374C58D00ACC907 /* Project object */ = {
			isa = PBXProject;
			attributes = {
				LastSwiftUpdateCheck = 1030;
				LastUpgradeCheck = 1030;
				ORGANIZATIONNAME = "Jack Sherwood";
				TargetAttributes = {
					043541F32374C58D00ACC907 = {
						CreatedOnToolsVersion = 10.3;
					};
					043542072374C58E00ACC907 = {
						CreatedOnToolsVersion = 10.3;
						TestTargetID = 043541F32374C58D00ACC907;
					};
					043542122374C58E00ACC907 = {
						CreatedOnToolsVersion = 10.3;
						TestTargetID = 043541F32374C58D00ACC907;
					};
				};
			};
			buildConfigurationList = 043541EF2374C58D00ACC907 /* Build configuration list for PBXProject "ClearScoreTechnicalTask" */;
			compatibilityVersion = "Xcode 9.3";
			developmentRegion = en;
			hasScannedForEncodings = 0;
			knownRegions = (
				en,
				Base,
			);
			mainGroup = 043541EB2374C58D00ACC907;
			productRefGroup = 043541F52374C58D00ACC907 /* Products */;
			projectDirPath = "";
			projectRoot = "";
			targets = (
				043541F32374C58D00ACC907 /* ClearScoreTechnicalTask */,
				043542072374C58E00ACC907 /* ClearScoreTechnicalTaskTests */,
				043542122374C58E00ACC907 /* ClearScoreTechnicalTaskUITests */,
			);
		};
/* End PBXProject section */

/* Begin PBXResourcesBuildPhase section */
		043541F22374C58D00ACC907 /* Resources */ = {
			isa = PBXResourcesBuildPhase;
			buildActionMask = 2147483647;
			files = (
				043542022374C58E00ACC907 /* LaunchScreen.storyboard in Resources */,
				043541FF2374C58E00ACC907 /* Assets.xcassets in Resources */,
				043541FD2374C58D00ACC907 /* Main.storyboard in Resources */,
			);
			runOnlyForDeploymentPostprocessing = 0;
		};
		043542062374C58E00ACC907 /* Resources */ = {
			isa = PBXResourcesBuildPhase;
			buildActionMask = 2147483647;
			files = (
			);
			runOnlyForDeploymentPostprocessing = 0;
		};
		043542112374C58E00ACC907 /* Resources */ = {
			isa = PBXResourcesBuildPhase;
			buildActionMask = 2147483647;
			files = (
			);
			runOnlyForDeploymentPostprocessing = 0;
		};
/* End PBXResourcesBuildPhase section */

/* Begin PBXShellScriptBuildPhase section */
		53FD15D55613DC0668EF0631 /* [CP] Check Pods Manifest.lock */ = {
			isa = PBXShellScriptBuildPhase;
			buildActionMask = 2147483647;
			files = (
			);
			inputFileListPaths = (
			);
			inputPaths = (
				"${PODS_PODFILE_DIR_PATH}/Podfile.lock",
				"${PODS_ROOT}/Manifest.lock",
			);
			name = "[CP] Check Pods Manifest.lock";
			outputFileListPaths = (
			);
			outputPaths = (
				"$(DERIVED_FILE_DIR)/Pods-ClearScoreTechnicalTaskUITests-checkManifestLockResult.txt",
			);
			runOnlyForDeploymentPostprocessing = 0;
			shellPath = /bin/sh;
			shellScript = "diff \"${PODS_PODFILE_DIR_PATH}/Podfile.lock\" \"${PODS_ROOT}/Manifest.lock\" > /dev/null\nif [ $? != 0 ] ; then\n    # print error to STDERR\n    echo \"error: The sandbox is not in sync with the Podfile.lock. Run 'pod install' or update your CocoaPods installation.\" >&2\n    exit 1\nfi\n# This output is used by Xcode 'outputs' to avoid re-running this script phase.\necho \"SUCCESS\" > \"${SCRIPT_OUTPUT_FILE_0}\"\n";
			showEnvVarsInLog = 0;
		};
		624C00C76E74202D1C2DAC34 /* [CP] Embed Pods Frameworks */ = {
			isa = PBXShellScriptBuildPhase;
			buildActionMask = 2147483647;
			files = (
			);
			inputFileListPaths = (
				"${PODS_ROOT}/Target Support Files/Pods-ClearScoreTechnicalTask/Pods-ClearScoreTechnicalTask-frameworks-${CONFIGURATION}-input-files.xcfilelist",
			);
			name = "[CP] Embed Pods Frameworks";
			outputFileListPaths = (
				"${PODS_ROOT}/Target Support Files/Pods-ClearScoreTechnicalTask/Pods-ClearScoreTechnicalTask-frameworks-${CONFIGURATION}-output-files.xcfilelist",
			);
			runOnlyForDeploymentPostprocessing = 0;
			shellPath = /bin/sh;
			shellScript = "\"${PODS_ROOT}/Target Support Files/Pods-ClearScoreTechnicalTask/Pods-ClearScoreTechnicalTask-frameworks.sh\"\n";
			showEnvVarsInLog = 0;
		};
		868CE0B5E2203A635674F727 /* [CP] Check Pods Manifest.lock */ = {
			isa = PBXShellScriptBuildPhase;
			buildActionMask = 2147483647;
			files = (
			);
			inputFileListPaths = (
			);
			inputPaths = (
				"${PODS_PODFILE_DIR_PATH}/Podfile.lock",
				"${PODS_ROOT}/Manifest.lock",
			);
			name = "[CP] Check Pods Manifest.lock";
			outputFileListPaths = (
			);
			outputPaths = (
				"$(DERIVED_FILE_DIR)/Pods-ClearScoreTechnicalTask-checkManifestLockResult.txt",
			);
			runOnlyForDeploymentPostprocessing = 0;
			shellPath = /bin/sh;
			shellScript = "diff \"${PODS_PODFILE_DIR_PATH}/Podfile.lock\" \"${PODS_ROOT}/Manifest.lock\" > /dev/null\nif [ $? != 0 ] ; then\n    # print error to STDERR\n    echo \"error: The sandbox is not in sync with the Podfile.lock. Run 'pod install' or update your CocoaPods installation.\" >&2\n    exit 1\nfi\n# This output is used by Xcode 'outputs' to avoid re-running this script phase.\necho \"SUCCESS\" > \"${SCRIPT_OUTPUT_FILE_0}\"\n";
			showEnvVarsInLog = 0;
		};
		E2DDFD63F5A8CD9E24787B9D /* [CP] Check Pods Manifest.lock */ = {
			isa = PBXShellScriptBuildPhase;
			buildActionMask = 2147483647;
			files = (
			);
			inputFileListPaths = (
			);
			inputPaths = (
				"${PODS_PODFILE_DIR_PATH}/Podfile.lock",
				"${PODS_ROOT}/Manifest.lock",
			);
			name = "[CP] Check Pods Manifest.lock";
			outputFileListPaths = (
			);
			outputPaths = (
				"$(DERIVED_FILE_DIR)/Pods-ClearScoreTechnicalTaskTests-checkManifestLockResult.txt",
			);
			runOnlyForDeploymentPostprocessing = 0;
			shellPath = /bin/sh;
			shellScript = "diff \"${PODS_PODFILE_DIR_PATH}/Podfile.lock\" \"${PODS_ROOT}/Manifest.lock\" > /dev/null\nif [ $? != 0 ] ; then\n    # print error to STDERR\n    echo \"error: The sandbox is not in sync with the Podfile.lock. Run 'pod install' or update your CocoaPods installation.\" >&2\n    exit 1\nfi\n# This output is used by Xcode 'outputs' to avoid re-running this script phase.\necho \"SUCCESS\" > \"${SCRIPT_OUTPUT_FILE_0}\"\n";
			showEnvVarsInLog = 0;
		};
/* End PBXShellScriptBuildPhase section */

/* Begin PBXSourcesBuildPhase section */
		043541F02374C58D00ACC907 /* Sources */ = {
			isa = PBXSourcesBuildPhase;
			buildActionMask = 2147483647;
			files = (
				0435422E2375C0C500ACC907 /* LoadingCircle.swift in Sources */,
				043541FA2374C58D00ACC907 /* ViewController.swift in Sources */,
				043542272374C5F100ACC907 /* ConnectionTest.swift in Sources */,
				043542292374C79800ACC907 /* JSONParsing.swift in Sources */,
				043541F82374C58D00ACC907 /* AppDelegate.swift in Sources */,
			);
			runOnlyForDeploymentPostprocessing = 0;
		};
		043542042374C58E00ACC907 /* Sources */ = {
			isa = PBXSourcesBuildPhase;
			buildActionMask = 2147483647;
			files = (
				0435420D2374C58E00ACC907 /* ClearScoreTechnicalTaskTests.swift in Sources */,
			);
			runOnlyForDeploymentPostprocessing = 0;
		};
		0435420F2374C58E00ACC907 /* Sources */ = {
			isa = PBXSourcesBuildPhase;
			buildActionMask = 2147483647;
			files = (
				043542182374C58E00ACC907 /* ClearScoreTechnicalTaskUITests.swift in Sources */,
			);
			runOnlyForDeploymentPostprocessing = 0;
		};
/* End PBXSourcesBuildPhase section */

/* Begin PBXTargetDependency section */
		0435420A2374C58E00ACC907 /* PBXTargetDependency */ = {
			isa = PBXTargetDependency;
			target = 043541F32374C58D00ACC907 /* ClearScoreTechnicalTask */;
			targetProxy = 043542092374C58E00ACC907 /* PBXContainerItemProxy */;
		};
		043542152374C58E00ACC907 /* PBXTargetDependency */ = {
			isa = PBXTargetDependency;
			target = 043541F32374C58D00ACC907 /* ClearScoreTechnicalTask */;
			targetProxy = 043542142374C58E00ACC907 /* PBXContainerItemProxy */;
		};
/* End PBXTargetDependency section */

/* Begin PBXVariantGroup section */
		043541FB2374C58D00ACC907 /* Main.storyboard */ = {
			isa = PBXVariantGroup;
			children = (
				043541FC2374C58D00ACC907 /* Base */,
			);
			name = Main.storyboard;
			sourceTree = "<group>";
		};
		043542002374C58E00ACC907 /* LaunchScreen.storyboard */ = {
			isa = PBXVariantGroup;
			children = (
				043542012374C58E00ACC907 /* Base */,
			);
			name = LaunchScreen.storyboard;
			sourceTree = "<group>";
		};
/* End PBXVariantGroup section */

/* Begin XCBuildConfiguration section */
		0435421A2374C58E00ACC907 /* Debug */ = {
			isa = XCBuildConfiguration;
			buildSettings = {
				ALWAYS_SEARCH_USER_PATHS = NO;
				CLANG_ANALYZER_NONNULL = YES;
				CLANG_ANALYZER_NUMBER_OBJECT_CONVERSION = YES_AGGRESSIVE;
				CLANG_CXX_LANGUAGE_STANDARD = "gnu++14";
				CLANG_CXX_LIBRARY = "libc++";
				CLANG_ENABLE_MODULES = YES;
				CLANG_ENABLE_OBJC_ARC = YES;
				CLANG_ENABLE_OBJC_WEAK = YES;
				CLANG_WARN_BLOCK_CAPTURE_AUTORELEASING = YES;
				CLANG_WARN_BOOL_CONVERSION = YES;
				CLANG_WARN_COMMA = YES;
				CLANG_WARN_CONSTANT_CONVERSION = YES;
				CLANG_WARN_DEPRECATED_OBJC_IMPLEMENTATIONS = YES;
				CLANG_WARN_DIRECT_OBJC_ISA_USAGE = YES_ERROR;
				CLANG_WARN_DOCUMENTATION_COMMENTS = YES;
				CLANG_WARN_EMPTY_BODY = YES;
				CLANG_WARN_ENUM_CONVERSION = YES;
				CLANG_WARN_INFINITE_RECURSION = YES;
				CLANG_WARN_INT_CONVERSION = YES;
				CLANG_WARN_NON_LITERAL_NULL_CONVERSION = YES;
				CLANG_WARN_OBJC_IMPLICIT_RETAIN_SELF = YES;
				CLANG_WARN_OBJC_LITERAL_CONVERSION = YES;
				CLANG_WARN_OBJC_ROOT_CLASS = YES_ERROR;
				CLANG_WARN_RANGE_LOOP_ANALYSIS = YES;
				CLANG_WARN_STRICT_PROTOTYPES = YES;
				CLANG_WARN_SUSPICIOUS_MOVE = YES;
				CLANG_WARN_UNGUARDED_AVAILABILITY = YES_AGGRESSIVE;
				CLANG_WARN_UNREACHABLE_CODE = YES;
				CLANG_WARN__DUPLICATE_METHOD_MATCH = YES;
				CODE_SIGN_IDENTITY = "iPhone Developer";
				COPY_PHASE_STRIP = NO;
				DEBUG_INFORMATION_FORMAT = dwarf;
				ENABLE_STRICT_OBJC_MSGSEND = YES;
				ENABLE_TESTABILITY = YES;
				GCC_C_LANGUAGE_STANDARD = gnu11;
				GCC_DYNAMIC_NO_PIC = NO;
				GCC_NO_COMMON_BLOCKS = YES;
				GCC_OPTIMIZATION_LEVEL = 0;
				GCC_PREPROCESSOR_DEFINITIONS = (
					"DEBUG=1",
					"$(inherited)",
				);
				GCC_WARN_64_TO_32_BIT_CONVERSION = YES;
				GCC_WARN_ABOUT_RETURN_TYPE = YES_ERROR;
				GCC_WARN_UNDECLARED_SELECTOR = YES;
				GCC_WARN_UNINITIALIZED_AUTOS = YES_AGGRESSIVE;
				GCC_WARN_UNUSED_FUNCTION = YES;
				GCC_WARN_UNUSED_VARIABLE = YES;
				IPHONEOS_DEPLOYMENT_TARGET = 12.4;
				MTL_ENABLE_DEBUG_INFO = INCLUDE_SOURCE;
				MTL_FAST_MATH = YES;
				ONLY_ACTIVE_ARCH = YES;
				SDKROOT = iphoneos;
				SWIFT_ACTIVE_COMPILATION_CONDITIONS = DEBUG;
				SWIFT_OPTIMIZATION_LEVEL = "-Onone";
			};
			name = Debug;
		};
		0435421B2374C58E00ACC907 /* Release */ = {
			isa = XCBuildConfiguration;
			buildSettings = {
				ALWAYS_SEARCH_USER_PATHS = NO;
				CLANG_ANALYZER_NONNULL = YES;
				CLANG_ANALYZER_NUMBER_OBJECT_CONVERSION = YES_AGGRESSIVE;
				CLANG_CXX_LANGUAGE_STANDARD = "gnu++14";
				CLANG_CXX_LIBRARY = "libc++";
				CLANG_ENABLE_MODULES = YES;
				CLANG_ENABLE_OBJC_ARC = YES;
				CLANG_ENABLE_OBJC_WEAK = YES;
				CLANG_WARN_BLOCK_CAPTURE_AUTORELEASING = YES;
				CLANG_WARN_BOOL_CONVERSION = YES;
				CLANG_WARN_COMMA = YES;
				CLANG_WARN_CONSTANT_CONVERSION = YES;
				CLANG_WARN_DEPRECATED_OBJC_IMPLEMENTATIONS = YES;
				CLANG_WARN_DIRECT_OBJC_ISA_USAGE = YES_ERROR;
				CLANG_WARN_DOCUMENTATION_COMMENTS = YES;
				CLANG_WARN_EMPTY_BODY = YES;
				CLANG_WARN_ENUM_CONVERSION = YES;
				CLANG_WARN_INFINITE_RECURSION = YES;
				CLANG_WARN_INT_CONVERSION = YES;
				CLANG_WARN_NON_LITERAL_NULL_CONVERSION = YES;
				CLANG_WARN_OBJC_IMPLICIT_RETAIN_SELF = YES;
				CLANG_WARN_OBJC_LITERAL_CONVERSION = YES;
				CLANG_WARN_OBJC_ROOT_CLASS = YES_ERROR;
				CLANG_WARN_RANGE_LOOP_ANALYSIS = YES;
				CLANG_WARN_STRICT_PROTOTYPES = YES;
				CLANG_WARN_SUSPICIOUS_MOVE = YES;
				CLANG_WARN_UNGUARDED_AVAILABILITY = YES_AGGRESSIVE;
				CLANG_WARN_UNREACHABLE_CODE = YES;
				CLANG_WARN__DUPLICATE_METHOD_MATCH = YES;
				CODE_SIGN_IDENTITY = "iPhone Developer";
				COPY_PHASE_STRIP = NO;
				DEBUG_INFORMATION_FORMAT = "dwarf-with-dsym";
				ENABLE_NS_ASSERTIONS = NO;
				ENABLE_STRICT_OBJC_MSGSEND = YES;
				GCC_C_LANGUAGE_STANDARD = gnu11;
				GCC_NO_COMMON_BLOCKS = YES;
				GCC_WARN_64_TO_32_BIT_CONVERSION = YES;
				GCC_WARN_ABOUT_RETURN_TYPE = YES_ERROR;
				GCC_WARN_UNDECLARED_SELECTOR = YES;
				GCC_WARN_UNINITIALIZED_AUTOS = YES_AGGRESSIVE;
				GCC_WARN_UNUSED_FUNCTION = YES;
				GCC_WARN_UNUSED_VARIABLE = YES;
				IPHONEOS_DEPLOYMENT_TARGET = 12.4;
				MTL_ENABLE_DEBUG_INFO = NO;
				MTL_FAST_MATH = YES;
				SDKROOT = iphoneos;
				SWIFT_COMPILATION_MODE = wholemodule;
				SWIFT_OPTIMIZATION_LEVEL = "-O";
				VALIDATE_PRODUCT = YES;
			};
			name = Release;
		};
		0435421D2374C58E00ACC907 /* Debug */ = {
			isa = XCBuildConfiguration;
			baseConfigurationReference = A90A017FBE184F3743302E32 /* Pods-ClearScoreTechnicalTask.debug.xcconfig */;
			buildSettings = {
				ASSETCATALOG_COMPILER_APPICON_NAME = AppIcon;
				CODE_SIGN_STYLE = Automatic;
				INFOPLIST_FILE = ClearScoreTechnicalTask/Info.plist;
				LD_RUNPATH_SEARCH_PATHS = (
					"$(inherited)",
					"@executable_path/Frameworks",
				);
				PRODUCT_BUNDLE_IDENTIFIER = Jack.ClearScoreTechnicalTask;
				PRODUCT_NAME = "$(TARGET_NAME)";
				SWIFT_VERSION = 5.0;
				TARGETED_DEVICE_FAMILY = "1,2";
			};
			name = Debug;
		};
		0435421E2374C58E00ACC907 /* Release */ = {
			isa = XCBuildConfiguration;
			baseConfigurationReference = 43059F514424C712BD68C152 /* Pods-ClearScoreTechnicalTask.release.xcconfig */;
			buildSettings = {
				ASSETCATALOG_COMPILER_APPICON_NAME = AppIcon;
				CODE_SIGN_STYLE = Automatic;
				INFOPLIST_FILE = ClearScoreTechnicalTask/Info.plist;
				LD_RUNPATH_SEARCH_PATHS = (
					"$(inherited)",
					"@executable_path/Frameworks",
				);
				PRODUCT_BUNDLE_IDENTIFIER = Jack.ClearScoreTechnicalTask;
				PRODUCT_NAME = "$(TARGET_NAME)";
				SWIFT_VERSION = 5.0;
				TARGETED_DEVICE_FAMILY = "1,2";
			};
			name = Release;
		};
		043542202374C58E00ACC907 /* Debug */ = {
			isa = XCBuildConfiguration;
			baseConfigurationReference = BC6057A6AE66728499FE016F /* Pods-ClearScoreTechnicalTaskTests.debug.xcconfig */;
			buildSettings = {
				ALWAYS_EMBED_SWIFT_STANDARD_LIBRARIES = YES;
				BUNDLE_LOADER = "$(TEST_HOST)";
				CODE_SIGN_STYLE = Automatic;
				INFOPLIST_FILE = ClearScoreTechnicalTaskTests/Info.plist;
				LD_RUNPATH_SEARCH_PATHS = (
					"$(inherited)",
					"@executable_path/Frameworks",
					"@loader_path/Frameworks",
				);
				PRODUCT_BUNDLE_IDENTIFIER = Jack.ClearScoreTechnicalTaskTests;
				PRODUCT_NAME = "$(TARGET_NAME)";
				SWIFT_VERSION = 5.0;
				TARGETED_DEVICE_FAMILY = "1,2";
				TEST_HOST = "$(BUILT_PRODUCTS_DIR)/ClearScoreTechnicalTask.app/ClearScoreTechnicalTask";
			};
			name = Debug;
		};
		043542212374C58E00ACC907 /* Release */ = {
			isa = XCBuildConfiguration;
			baseConfigurationReference = E3F88790D7549F56EE543D67 /* Pods-ClearScoreTechnicalTaskTests.release.xcconfig */;
			buildSettings = {
				ALWAYS_EMBED_SWIFT_STANDARD_LIBRARIES = YES;
				BUNDLE_LOADER = "$(TEST_HOST)";
				CODE_SIGN_STYLE = Automatic;
				INFOPLIST_FILE = ClearScoreTechnicalTaskTests/Info.plist;
				LD_RUNPATH_SEARCH_PATHS = (
					"$(inherited)",
					"@executable_path/Frameworks",
					"@loader_path/Frameworks",
				);
				PRODUCT_BUNDLE_IDENTIFIER = Jack.ClearScoreTechnicalTaskTests;
				PRODUCT_NAME = "$(TARGET_NAME)";
				SWIFT_VERSION = 5.0;
				TARGETED_DEVICE_FAMILY = "1,2";
				TEST_HOST = "$(BUILT_PRODUCTS_DIR)/ClearScoreTechnicalTask.app/ClearScoreTechnicalTask";
			};
			name = Release;
		};
		043542232374C58E00ACC907 /* Debug */ = {
			isa = XCBuildConfiguration;
			baseConfigurationReference = 34278B38EA237FDF19B8EE5E /* Pods-ClearScoreTechnicalTaskUITests.debug.xcconfig */;
			buildSettings = {
				ALWAYS_EMBED_SWIFT_STANDARD_LIBRARIES = YES;
				CODE_SIGN_STYLE = Automatic;
				INFOPLIST_FILE = ClearScoreTechnicalTaskUITests/Info.plist;
				LD_RUNPATH_SEARCH_PATHS = (
					"$(inherited)",
					"@executable_path/Frameworks",
					"@loader_path/Frameworks",
				);
				PRODUCT_BUNDLE_IDENTIFIER = Jack.ClearScoreTechnicalTaskUITests;
				PRODUCT_NAME = "$(TARGET_NAME)";
				SWIFT_VERSION = 5.0;
				TARGETED_DEVICE_FAMILY = "1,2";
				TEST_TARGET_NAME = ClearScoreTechnicalTask;
			};
			name = Debug;
		};
		043542242374C58E00ACC907 /* Release */ = {
			isa = XCBuildConfiguration;
			baseConfigurationReference = 2953381463E3A5A68CEC44F4 /* Pods-ClearScoreTechnicalTaskUITests.release.xcconfig */;
			buildSettings = {
				ALWAYS_EMBED_SWIFT_STANDARD_LIBRARIES = YES;
				CODE_SIGN_STYLE = Automatic;
				INFOPLIST_FILE = ClearScoreTechnicalTaskUITests/Info.plist;
				LD_RUNPATH_SEARCH_PATHS = (
					"$(inherited)",
					"@executable_path/Frameworks",
					"@loader_path/Frameworks",
				);
				PRODUCT_BUNDLE_IDENTIFIER = Jack.ClearScoreTechnicalTaskUITests;
				PRODUCT_NAME = "$(TARGET_NAME)";
				SWIFT_VERSION = 5.0;
				TARGETED_DEVICE_FAMILY = "1,2";
				TEST_TARGET_NAME = ClearScoreTechnicalTask;
			};
			name = Release;
		};
/* End XCBuildConfiguration section */

/* Begin XCConfigurationList section */
		043541EF2374C58D00ACC907 /* Build configuration list for PBXProject "ClearScoreTechnicalTask" */ = {
			isa = XCConfigurationList;
			buildConfigurations = (
				0435421A2374C58E00ACC907 /* Debug */,
				0435421B2374C58E00ACC907 /* Release */,
			);
			defaultConfigurationIsVisible = 0;
			defaultConfigurationName = Release;
		};
		0435421C2374C58E00ACC907 /* Build configuration list for PBXNativeTarget "ClearScoreTechnicalTask" */ = {
			isa = XCConfigurationList;
			buildConfigurations = (
				0435421D2374C58E00ACC907 /* Debug */,
				0435421E2374C58E00ACC907 /* Release */,
			);
			defaultConfigurationIsVisible = 0;
			defaultConfigurationName = Release;
		};
		0435421F2374C58E00ACC907 /* Build configuration list for PBXNativeTarget "ClearScoreTechnicalTaskTests" */ = {
			isa = XCConfigurationList;
			buildConfigurations = (
				043542202374C58E00ACC907 /* Debug */,
				043542212374C58E00ACC907 /* Release */,
			);
			defaultConfigurationIsVisible = 0;
			defaultConfigurationName = Release;
		};
		043542222374C58E00ACC907 /* Build configuration list for PBXNativeTarget "ClearScoreTechnicalTaskUITests" */ = {
			isa = XCConfigurationList;
			buildConfigurations = (
				043542232374C58E00ACC907 /* Debug */,
				043542242374C58E00ACC907 /* Release */,
			);
			defaultConfigurationIsVisible = 0;
			defaultConfigurationName = Release;
		};
/* End XCConfigurationList section */
	};
	rootObject = 043541EC2374C58D00ACC907 /* Project object */;
}
